
Microsoft Visual Studio Solution File, Format Version 12.00
# Visual Studio Version 16
VisualStudioVersion = 16.0.31321.278
MinimumVisualStudioVersion = 10.0.40219.1
Project("{9A19103F-16F7-4668-BE54-9A1E7A4F7556}") = "Avanade.SubTCSE.Projeto.Api", "Avanade.SubTCSE.Projeto.Api\Avanade.SubTCSE.Projeto.Api.csproj", "{9C62F577-2797-4274-ADAC-A3D5F957AEA7}"
EndProject
Project("{2150E333-8FDC-42A3-9474-1A3956D46DE8}") = "0-AppService", "0-AppService", "{B1AA37E5-55CB-4BBB-96DF-D34DCDB70C93}"
EndProject
Project("{2150E333-8FDC-42A3-9474-1A3956D46DE8}") = "1-Application", "1-Application", "{05473049-CD95-4B00-912B-53B1D051FB6F}"
EndProject
Project("{2150E333-8FDC-42A3-9474-1A3956D46DE8}") = "2-Domain", "2-Domain", "{C0315B4B-E92B-4A3D-8E5D-8B1631771351}"
EndProject
Project("{2150E333-8FDC-42A3-9474-1A3956D46DE8}") = "3-Infra", "3-Infra", "{22A177F6-9FD4-4370-9971-11423084894E}"
EndProject
Project("{2150E333-8FDC-42A3-9474-1A3956D46DE8}") = "4-Test", "4-Test", "{75DBC06F-05F4-4ACE-8927-1DAA4A1C2557}"
EndProject
Project("{2150E333-8FDC-42A3-9474-1A3956D46DE8}") = "3.1-CrossCutting", "3.1-CrossCutting", "{A2801D72-FA42-477E-A713-BBE3152C4C04}"
EndProject
Project("{2150E333-8FDC-42A3-9474-1A3956D46DE8}") = "3.2-Data", "3.2-Data", "{92EAD2BA-E9BF-4EB2-957E-B0823D4AFF69}"
EndProject
Project("{FAE04EC0-301F-11D3-BF4B-00C04F79EFBC}") = "Avanade-SubTCSE-Projeto.Application", "Avanade-SubTCSE-Projeto.Application\Avanade-SubTCSE-Projeto.Application.csproj", "{4D987483-5C3C-46BF-A641-20C009AA4276}"
EndProject
Project("{FAE04EC0-301F-11D3-BF4B-00C04F79EFBC}") = "Avanade-SubTCSE-Projeto.Domain", "Avanade-SubTCSE-Projeto.Domain\Avanade-SubTCSE-Projeto.Domain.csproj", "{383C6EAE-C2B9-48A0-9E3A-C03E77823CCA}"
EndProject
Project("{FAE04EC0-301F-11D3-BF4B-00C04F79EFBC}") = "Avanade-SubTCSE-Projeto.CrossCutting", "Avanade-SubTCSE-Projeto.CrossCutting\Avanade-SubTCSE-Projeto.CrossCutting.csproj", "{6A568C4C-EBF3-4438-9C40-E050F38BCE66}"
EndProject
Project("{FAE04EC0-301F-11D3-BF4B-00C04F79EFBC}") = "Avanade-SubTCSE-Projeto.Data", "Avanade-SubTCSE-Projeto.Data\Avanade-SubTCSE-Projeto.Data.csproj", "{53CD5088-3C7C-4361-BABF-FC6661BABBAD}"
EndProject
Global
	GlobalSection(SolutionConfigurationPlatforms) = preSolution
		Debug|Any CPU = Debug|Any CPU
		Release|Any CPU = Release|Any CPU
	EndGlobalSection
	GlobalSection(ProjectConfigurationPlatforms) = postSolution
		{9C62F577-2797-4274-ADAC-A3D5F957AEA7}.Debug|Any CPU.ActiveCfg = Debug|Any CPU
		{9C62F577-2797-4274-ADAC-A3D5F957AEA7}.Debug|Any CPU.Build.0 = Debug|Any CPU
		{9C62F577-2797-4274-ADAC-A3D5F957AEA7}.Release|Any CPU.ActiveCfg = Release|Any CPU
		{9C62F577-2797-4274-ADAC-A3D5F957AEA7}.Release|Any CPU.Build.0 = Release|Any CPU
		{4D987483-5C3C-46BF-A641-20C009AA4276}.Debug|Any CPU.ActiveCfg = Debug|Any CPU
		{4D987483-5C3C-46BF-A641-20C009AA4276}.Debug|Any CPU.Build.0 = Debug|Any CPU
		{4D987483-5C3C-46BF-A641-20C009AA4276}.Release|Any CPU.ActiveCfg = Release|Any CPU
		{4D987483-5C3C-46BF-A641-20C009AA4276}.Release|Any CPU.Build.0 = Release|Any CPU
		{383C6EAE-C2B9-48A0-9E3A-C03E77823CCA}.Debug|Any CPU.ActiveCfg = Debug|Any CPU
		{383C6EAE-C2B9-48A0-9E3A-C03E77823CCA}.Debug|Any CPU.Build.0 = Debug|Any CPU
		{383C6EAE-C2B9-48A0-9E3A-C03E77823CCA}.Release|Any CPU.ActiveCfg = Release|Any CPU
		{383C6EAE-C2B9-48A0-9E3A-C03E77823CCA}.Release|Any CPU.Build.0 = Release|Any CPU
		{6A568C4C-EBF3-4438-9C40-E050F38BCE66}.Debug|Any CPU.ActiveCfg = Debug|Any CPU
		{6A568C4C-EBF3-4438-9C40-E050F38BCE66}.Debug|Any CPU.Build.0 = Debug|Any CPU
		{6A568C4C-EBF3-4438-9C40-E050F38BCE66}.Release|Any CPU.ActiveCfg = Release|Any CPU
		{6A568C4C-EBF3-4438-9C40-E050F38BCE66}.Release|Any CPU.Build.0 = Release|Any CPU
		{53CD5088-3C7C-4361-BABF-FC6661BABBAD}.Debug|Any CPU.ActiveCfg = Debug|Any CPU
		{53CD5088-3C7C-4361-BABF-FC6661BABBAD}.Debug|Any CPU.Build.0 = Debug|Any CPU
		{53CD5088-3C7C-4361-BABF-FC6661BABBAD}.Release|Any CPU.ActiveCfg = Release|Any CPU
		{53CD5088-3C7C-4361-BABF-FC6661BABBAD}.Release|Any CPU.Build.0 = Release|Any CPU
	EndGlobalSection
	GlobalSection(SolutionProperties) = preSolution
		HideSolutionNode = FALSE
	EndGlobalSection
	GlobalSection(NestedProjects) = preSolution
		{9C62F577-2797-4274-ADAC-A3D5F957AEA7} = {B1AA37E5-55CB-4BBB-96DF-D34DCDB70C93}
		{A2801D72-FA42-477E-A713-BBE3152C4C04} = {22A177F6-9FD4-4370-9971-11423084894E}
		{92EAD2BA-E9BF-4EB2-957E-B0823D4AFF69} = {22A177F6-9FD4-4370-9971-11423084894E}
		{4D987483-5C3C-46BF-A641-20C009AA4276} = {05473049-CD95-4B00-912B-53B1D051FB6F}
		{383C6EAE-C2B9-48A0-9E3A-C03E77823CCA} = {C0315B4B-E92B-4A3D-8E5D-8B1631771351}
		{6A568C4C-EBF3-4438-9C40-E050F38BCE66} = {A2801D72-FA42-477E-A713-BBE3152C4C04}
		{53CD5088-3C7C-4361-BABF-FC6661BABBAD} = {92EAD2BA-E9BF-4EB2-957E-B0823D4AFF69}
	EndGlobalSection
	GlobalSection(ExtensibilityGlobals) = postSolution
		SolutionGuid = {34F529C6-3BB5-416E-B112-48B8F982A84D}
	EndGlobalSection
EndGlobal
